
Microsoft Visual Studio Solution File, Format Version 12.00
# Visual Studio 2012
Project("{FAE04EC0-301F-11D3-BF4B-00C04F79EFBC}") = "饼饼爱稳稳数独求解", "饼饼爱稳稳数独求解\饼饼爱稳稳数独求解.csproj", "{8DE6EFE0-4358-467A-A28B-BFB69BFEBA4F}"
EndProject
Global
	GlobalSection(SolutionConfigurationPlatforms) = preSolution
		Debug|Any CPU = Debug|Any CPU
		Release|Any CPU = Release|Any CPU
	EndGlobalSection
	GlobalSection(ProjectConfigurationPlatforms) = postSolution
		{8DE6EFE0-4358-467A-A28B-BFB69BFEBA4F}.Debug|Any CPU.ActiveCfg = Debug|Any CPU
		{8DE6EFE0-4358-467A-A28B-BFB69BFEBA4F}.Debug|Any CPU.Build.0 = Debug|Any CPU
		{8DE6EFE0-4358-467A-A28B-BFB69BFEBA4F}.Release|Any CPU.ActiveCfg = Release|Any CPU
		{8DE6EFE0-4358-467A-A28B-BFB69BFEBA4F}.Release|Any CPU.Build.0 = Release|Any CPU
	EndGlobalSection
	GlobalSection(SolutionProperties) = preSolution
		HideSolutionNode = FALSE
	EndGlobalSection
EndGlobal
